// !$*UTF8*$!
{
	archiveVersion = 1;
	classes = {
	};
	objectVersion = 56;
	objects = {

/* Begin PBXBuildFile section */
		5D3E46F72AD2E23B001090E1 /* libhome_rsct_ios_bind.a in Frameworks */ = {isa = PBXBuildFile; fileRef = 5DDA039A2AAA26F200705F36 /* libhome_rsct_ios_bind.a */; };
		5D5837512AA860F000FCFA0E /* HomeV2App.swift in Sources */ = {isa = PBXBuildFile; fileRef = 5D5837502AA860F000FCFA0E /* HomeV2App.swift */; };
		5D5837532AA860F000FCFA0E /* ContentView.swift in Sources */ = {isa = PBXBuildFile; fileRef = 5D5837522AA860F000FCFA0E /* ContentView.swift */; };
		5D5837552AA860F100FCFA0E /* Assets.xcassets in Resources */ = {isa = PBXBuildFile; fileRef = 5D5837542AA860F100FCFA0E /* Assets.xcassets */; };
		5D5837592AA860F100FCFA0E /* Preview Assets.xcassets in Resources */ = {isa = PBXBuildFile; fileRef = 5D5837582AA860F100FCFA0E /* Preview Assets.xcassets */; };
		5DAB8E112AD007330004F807 /* LivestreamManager.swift in Sources */ = {isa = PBXBuildFile; fileRef = 5DAB8E102AD007330004F807 /* LivestreamManager.swift */; };
		5DAB8E132AD007B80004F807 /* LivestreamView.swift in Sources */ = {isa = PBXBuildFile; fileRef = 5DAB8E122AD007B80004F807 /* LivestreamView.swift */; };
		5DDA039D2AAA276300705F36 /* libresolv.tbd in Frameworks */ = {isa = PBXBuildFile; fileRef = 5DDA039C2AAA274D00705F36 /* libresolv.tbd */; };
/* End PBXBuildFile section */

/* Begin PBXFileReference section */
		5D58374D2AA860F000FCFA0E /* HomeV2.app */ = {isa = PBXFileReference; explicitFileType = wrapper.application; includeInIndex = 0; path = HomeV2.app; sourceTree = BUILT_PRODUCTS_DIR; };
		5D5837502AA860F000FCFA0E /* HomeV2App.swift */ = {isa = PBXFileReference; lastKnownFileType = sourcecode.swift; path = HomeV2App.swift; sourceTree = "<group>"; };
		5D5837522AA860F000FCFA0E /* ContentView.swift */ = {isa = PBXFileReference; lastKnownFileType = sourcecode.swift; path = ContentView.swift; sourceTree = "<group>"; };
		5D5837542AA860F100FCFA0E /* Assets.xcassets */ = {isa = PBXFileReference; lastKnownFileType = folder.assetcatalog; path = Assets.xcassets; sourceTree = "<group>"; };
		5D5837562AA860F100FCFA0E /* HomeV2.entitlements */ = {isa = PBXFileReference; lastKnownFileType = text.plist.entitlements; path = HomeV2.entitlements; sourceTree = "<group>"; };
		5D5837582AA860F100FCFA0E /* Preview Assets.xcassets */ = {isa = PBXFileReference; lastKnownFileType = folder.assetcatalog; path = "Preview Assets.xcassets"; sourceTree = "<group>"; };
		5D5837602AA8621400FCFA0E /* libhome_rsct_ios_bind.a */ = {isa = PBXFileReference; lastKnownFileType = archive.ar; name = libhome_rsct_ios_bind.a; path = ../rsct_working/ios_camera/target/release/libhome_rsct_ios_bind.a; sourceTree = "<group>"; };
		5D5837632AA8631B00FCFA0E /* rsct_bindings_header.h */ = {isa = PBXFileReference; lastKnownFileType = sourcecode.c.h; path = rsct_bindings_header.h; sourceTree = "<group>"; };
		5D5837642AA8636A00FCFA0E /* HomeV2-Bridging-Header.h */ = {isa = PBXFileReference; lastKnownFileType = sourcecode.c.h; path = "HomeV2-Bridging-Header.h"; sourceTree = "<group>"; };
		5DAB8E102AD007330004F807 /* LivestreamManager.swift */ = {isa = PBXFileReference; lastKnownFileType = sourcecode.swift; path = LivestreamManager.swift; sourceTree = "<group>"; };
		5DAB8E122AD007B80004F807 /* LivestreamView.swift */ = {isa = PBXFileReference; lastKnownFileType = sourcecode.swift; path = LivestreamView.swift; sourceTree = "<group>"; };
		5DDA039A2AAA26F200705F36 /* libhome_rsct_ios_bind.a */ = {isa = PBXFileReference; lastKnownFileType = archive.ar; name = libhome_rsct_ios_bind.a; path = ../ios_rsct_bindings/target/universal/release/libhome_rsct_ios_bind.a; sourceTree = "<group>"; };
		5DDA039C2AAA274D00705F36 /* libresolv.tbd */ = {isa = PBXFileReference; lastKnownFileType = "sourcecode.text-based-dylib-definition"; name = libresolv.tbd; path = Platforms/iPhoneOS.platform/Developer/SDKs/iPhoneOS16.4.sdk/usr/lib/libresolv.tbd; sourceTree = DEVELOPER_DIR; };
		5DDA03A92AAB6BC600705F36 /* release */ = {isa = PBXFileReference; lastKnownFileType = folder; name = release; path = ../ios_rsct_bindings/target/universal/release; sourceTree = "<group>"; };
/* End PBXFileReference section */

/* Begin PBXFrameworksBuildPhase section */
		5D58374A2AA860F000FCFA0E /* Frameworks */ = {
			isa = PBXFrameworksBuildPhase;
			buildActionMask = 2147483647;
			files = (
				5DDA039D2AAA276300705F36 /* libresolv.tbd in Frameworks */,
				5D3E46F72AD2E23B001090E1 /* libhome_rsct_ios_bind.a in Frameworks */,
			);
			runOnlyForDeploymentPostprocessing = 0;
		};
/* End PBXFrameworksBuildPhase section */

/* Begin PBXGroup section */
		5D5837442AA860EF00FCFA0E = {
			isa = PBXGroup;
			children = (
				5D58374F2AA860F000FCFA0E /* HomeV2 */,
				5D58374E2AA860F000FCFA0E /* Products */,
				5D58375F2AA8621300FCFA0E /* Frameworks */,
			);
			sourceTree = "<group>";
		};
		5D58374E2AA860F000FCFA0E /* Products */ = {
			isa = PBXGroup;
			children = (
				5D58374D2AA860F000FCFA0E /* HomeV2.app */,
			);
			name = Products;
			sourceTree = "<group>";
		};
		5D58374F2AA860F000FCFA0E /* HomeV2 */ = {
			isa = PBXGroup;
			children = (
				5DAB8E0F2AD0070E0004F807 /* Views */,
				5DAB8E0E2AD007050004F807 /* Managers */,
				5D5837502AA860F000FCFA0E /* HomeV2App.swift */,
				5D5837522AA860F000FCFA0E /* ContentView.swift */,
				5D5837542AA860F100FCFA0E /* Assets.xcassets */,
				5D5837562AA860F100FCFA0E /* HomeV2.entitlements */,
				5D5837572AA860F100FCFA0E /* Preview Content */,
				5D5837632AA8631B00FCFA0E /* rsct_bindings_header.h */,
				5D5837642AA8636A00FCFA0E /* HomeV2-Bridging-Header.h */,
			);
			path = HomeV2;
			sourceTree = "<group>";
		};
		5D5837572AA860F100FCFA0E /* Preview Content */ = {
			isa = PBXGroup;
			children = (
				5D5837582AA860F100FCFA0E /* Preview Assets.xcassets */,
			);
			path = "Preview Content";
			sourceTree = "<group>";
		};
		5D58375F2AA8621300FCFA0E /* Frameworks */ = {
			isa = PBXGroup;
			children = (
				5DDA03A92AAB6BC600705F36 /* release */,
				5DDA039C2AAA274D00705F36 /* libresolv.tbd */,
				5DDA039A2AAA26F200705F36 /* libhome_rsct_ios_bind.a */,
				5D5837602AA8621400FCFA0E /* libhome_rsct_ios_bind.a */,
			);
			name = Frameworks;
			sourceTree = "<group>";
		};
		5DAB8E0E2AD007050004F807 /* Managers */ = {
			isa = PBXGroup;
			children = (
				5DAB8E102AD007330004F807 /* LivestreamManager.swift */,
			);
			path = Managers;
			sourceTree = "<group>";
		};
		5DAB8E0F2AD0070E0004F807 /* Views */ = {
			isa = PBXGroup;
			children = (
				5DAB8E122AD007B80004F807 /* LivestreamView.swift */,
			);
			path = Views;
			sourceTree = "<group>";
		};
/* End PBXGroup section */

/* Begin PBXNativeTarget section */
		5D58374C2AA860F000FCFA0E /* HomeV2 */ = {
			isa = PBXNativeTarget;
			buildConfigurationList = 5D58375C2AA860F100FCFA0E /* Build configuration list for PBXNativeTarget "HomeV2" */;
			buildPhases = (
				5D5837492AA860F000FCFA0E /* Sources */,
				5D58374A2AA860F000FCFA0E /* Frameworks */,
				5D58374B2AA860F000FCFA0E /* Resources */,
			);
			buildRules = (
			);
			dependencies = (
			);
			name = HomeV2;
			productName = HomeV2;
			productReference = 5D58374D2AA860F000FCFA0E /* HomeV2.app */;
			productType = "com.apple.product-type.application";
		};
/* End PBXNativeTarget section */

/* Begin PBXProject section */
		5D5837452AA860F000FCFA0E /* Project object */ = {
			isa = PBXProject;
			attributes = {
				BuildIndependentTargetsInParallel = 1;
				LastSwiftUpdateCheck = 1430;
				LastUpgradeCheck = 1430;
				TargetAttributes = {
					5D58374C2AA860F000FCFA0E = {
						CreatedOnToolsVersion = 14.3.1;
						LastSwiftMigration = 1430;
					};
				};
			};
			buildConfigurationList = 5D5837482AA860F000FCFA0E /* Build configuration list for PBXProject "HomeV2" */;
			compatibilityVersion = "Xcode 14.0";
			developmentRegion = en;
			hasScannedForEncodings = 0;
			knownRegions = (
				en,
				Base,
			);
			mainGroup = 5D5837442AA860EF00FCFA0E;
			productRefGroup = 5D58374E2AA860F000FCFA0E /* Products */;
			projectDirPath = "";
			projectRoot = "";
			targets = (
				5D58374C2AA860F000FCFA0E /* HomeV2 */,
			);
		};
/* End PBXProject section */

/* Begin PBXResourcesBuildPhase section */
		5D58374B2AA860F000FCFA0E /* Resources */ = {
			isa = PBXResourcesBuildPhase;
			buildActionMask = 2147483647;
			files = (
				5D5837592AA860F100FCFA0E /* Preview Assets.xcassets in Resources */,
				5D5837552AA860F100FCFA0E /* Assets.xcassets in Resources */,
			);
			runOnlyForDeploymentPostprocessing = 0;
		};
/* End PBXResourcesBuildPhase section */

/* Begin PBXSourcesBuildPhase section */
		5D5837492AA860F000FCFA0E /* Sources */ = {
			isa = PBXSourcesBuildPhase;
			buildActionMask = 2147483647;
			files = (
				5DAB8E112AD007330004F807 /* LivestreamManager.swift in Sources */,
				5D5837532AA860F000FCFA0E /* ContentView.swift in Sources */,
				5DAB8E132AD007B80004F807 /* LivestreamView.swift in Sources */,
				5D5837512AA860F000FCFA0E /* HomeV2App.swift in Sources */,
			);
			runOnlyForDeploymentPostprocessing = 0;
		};
/* End PBXSourcesBuildPhase section */

/* Begin XCBuildConfiguration section */
		5D58375A2AA860F100FCFA0E /* Debug */ = {
			isa = XCBuildConfiguration;
			buildSettings = {
				ALWAYS_SEARCH_USER_PATHS = NO;
				CLANG_ANALYZER_NONNULL = YES;
				CLANG_ANALYZER_NUMBER_OBJECT_CONVERSION = YES_AGGRESSIVE;
				CLANG_CXX_LANGUAGE_STANDARD = "gnu++20";
				CLANG_ENABLE_MODULES = YES;
				CLANG_ENABLE_OBJC_ARC = YES;
				CLANG_ENABLE_OBJC_WEAK = YES;
				CLANG_WARN_BLOCK_CAPTURE_AUTORELEASING = YES;
				CLANG_WARN_BOOL_CONVERSION = YES;
				CLANG_WARN_COMMA = YES;
				CLANG_WARN_CONSTANT_CONVERSION = YES;
				CLANG_WARN_DEPRECATED_OBJC_IMPLEMENTATIONS = YES;
				CLANG_WARN_DIRECT_OBJC_ISA_USAGE = YES_ERROR;
				CLANG_WARN_DOCUMENTATION_COMMENTS = YES;
				CLANG_WARN_EMPTY_BODY = YES;
				CLANG_WARN_ENUM_CONVERSION = YES;
				CLANG_WARN_INFINITE_RECURSION = YES;
				CLANG_WARN_INT_CONVERSION = YES;
				CLANG_WARN_NON_LITERAL_NULL_CONVERSION = YES;
				CLANG_WARN_OBJC_IMPLICIT_RETAIN_SELF = YES;
				CLANG_WARN_OBJC_LITERAL_CONVERSION = YES;
				CLANG_WARN_OBJC_ROOT_CLASS = YES_ERROR;
				CLANG_WARN_QUOTED_INCLUDE_IN_FRAMEWORK_HEADER = YES;
				CLANG_WARN_RANGE_LOOP_ANALYSIS = YES;
				CLANG_WARN_STRICT_PROTOTYPES = YES;
				CLANG_WARN_SUSPICIOUS_MOVE = YES;
				CLANG_WARN_UNGUARDED_AVAILABILITY = YES_AGGRESSIVE;
				CLANG_WARN_UNREACHABLE_CODE = YES;
				CLANG_WARN__DUPLICATE_METHOD_MATCH = YES;
				COPY_PHASE_STRIP = NO;
				DEBUG_INFORMATION_FORMAT = dwarf;
				ENABLE_STRICT_OBJC_MSGSEND = YES;
				ENABLE_TESTABILITY = YES;
				GCC_C_LANGUAGE_STANDARD = gnu11;
				GCC_DYNAMIC_NO_PIC = NO;
				GCC_NO_COMMON_BLOCKS = YES;
				GCC_OPTIMIZATION_LEVEL = 0;
				GCC_PREPROCESSOR_DEFINITIONS = (
					"DEBUG=1",
					"$(inherited)",
				);
				GCC_WARN_64_TO_32_BIT_CONVERSION = YES;
				GCC_WARN_ABOUT_RETURN_TYPE = YES_ERROR;
				GCC_WARN_UNDECLARED_SELECTOR = YES;
				GCC_WARN_UNINITIALIZED_AUTOS = YES_AGGRESSIVE;
				GCC_WARN_UNUSED_FUNCTION = YES;
				GCC_WARN_UNUSED_VARIABLE = YES;
				MTL_ENABLE_DEBUG_INFO = INCLUDE_SOURCE;
				MTL_FAST_MATH = YES;
				ONLY_ACTIVE_ARCH = YES;
				SWIFT_ACTIVE_COMPILATION_CONDITIONS = DEBUG;
				SWIFT_OPTIMIZATION_LEVEL = "-Onone";
			};
			name = Debug;
		};
		5D58375B2AA860F100FCFA0E /* Release */ = {
			isa = XCBuildConfiguration;
			buildSettings = {
				ALWAYS_SEARCH_USER_PATHS = NO;
				CLANG_ANALYZER_NONNULL = YES;
				CLANG_ANALYZER_NUMBER_OBJECT_CONVERSION = YES_AGGRESSIVE;
				CLANG_CXX_LANGUAGE_STANDARD = "gnu++20";
				CLANG_ENABLE_MODULES = YES;
				CLANG_ENABLE_OBJC_ARC = YES;
				CLANG_ENABLE_OBJC_WEAK = YES;
				CLANG_WARN_BLOCK_CAPTURE_AUTORELEASING = YES;
				CLANG_WARN_BOOL_CONVERSION = YES;
				CLANG_WARN_COMMA = YES;
				CLANG_WARN_CONSTANT_CONVERSION = YES;
				CLANG_WARN_DEPRECATED_OBJC_IMPLEMENTATIONS = YES;
				CLANG_WARN_DIRECT_OBJC_ISA_USAGE = YES_ERROR;
				CLANG_WARN_DOCUMENTATION_COMMENTS = YES;
				CLANG_WARN_EMPTY_BODY = YES;
				CLANG_WARN_ENUM_CONVERSION = YES;
				CLANG_WARN_INFINITE_RECURSION = YES;
				CLANG_WARN_INT_CONVERSION = YES;
				CLANG_WARN_NON_LITERAL_NULL_CONVERSION = YES;
				CLANG_WARN_OBJC_IMPLICIT_RETAIN_SELF = YES;
				CLANG_WARN_OBJC_LITERAL_CONVERSION = YES;
				CLANG_WARN_OBJC_ROOT_CLASS = YES_ERROR;
				CLANG_WARN_QUOTED_INCLUDE_IN_FRAMEWORK_HEADER = YES;
				CLANG_WARN_RANGE_LOOP_ANALYSIS = YES;
				CLANG_WARN_STRICT_PROTOTYPES = YES;
				CLANG_WARN_SUSPICIOUS_MOVE = YES;
				CLANG_WARN_UNGUARDED_AVAILABILITY = YES_AGGRESSIVE;
				CLANG_WARN_UNREACHABLE_CODE = YES;
				CLANG_WARN__DUPLICATE_METHOD_MATCH = YES;
				COPY_PHASE_STRIP = NO;
				DEBUG_INFORMATION_FORMAT = "dwarf-with-dsym";
				ENABLE_NS_ASSERTIONS = NO;
				ENABLE_STRICT_OBJC_MSGSEND = YES;
				GCC_C_LANGUAGE_STANDARD = gnu11;
				GCC_NO_COMMON_BLOCKS = YES;
				GCC_WARN_64_TO_32_BIT_CONVERSION = YES;
				GCC_WARN_ABOUT_RETURN_TYPE = YES_ERROR;
				GCC_WARN_UNDECLARED_SELECTOR = YES;
				GCC_WARN_UNINITIALIZED_AUTOS = YES_AGGRESSIVE;
				GCC_WARN_UNUSED_FUNCTION = YES;
				GCC_WARN_UNUSED_VARIABLE = YES;
				MTL_ENABLE_DEBUG_INFO = NO;
				MTL_FAST_MATH = YES;
				SWIFT_COMPILATION_MODE = wholemodule;
				SWIFT_OPTIMIZATION_LEVEL = "-O";
			};
			name = Release;
		};
		5D58375D2AA860F100FCFA0E /* Debug */ = {
			isa = XCBuildConfiguration;
			buildSettings = {
				ASSETCATALOG_COMPILER_APPICON_NAME = AppIcon;
				ASSETCATALOG_COMPILER_GLOBAL_ACCENT_COLOR_NAME = AccentColor;
				CLANG_ENABLE_MODULES = YES;
				CODE_SIGN_ENTITLEMENTS = HomeV2/HomeV2.entitlements;
				CODE_SIGN_STYLE = Automatic;
				CURRENT_PROJECT_VERSION = 1;
				DEVELOPMENT_ASSET_PATHS = "\"HomeV2/Preview Content\"";
				DEVELOPMENT_TEAM = MKX6XZT5RF;
				ENABLE_HARDENED_RUNTIME = YES;
				ENABLE_PREVIEWS = YES;
				GENERATE_INFOPLIST_FILE = YES;
				"INFOPLIST_KEY_UIApplicationSceneManifest_Generation[sdk=iphoneos*]" = YES;
				"INFOPLIST_KEY_UIApplicationSceneManifest_Generation[sdk=iphonesimulator*]" = YES;
				"INFOPLIST_KEY_UIApplicationSupportsIndirectInputEvents[sdk=iphoneos*]" = YES;
				"INFOPLIST_KEY_UIApplicationSupportsIndirectInputEvents[sdk=iphonesimulator*]" = YES;
				"INFOPLIST_KEY_UILaunchScreen_Generation[sdk=iphoneos*]" = YES;
				"INFOPLIST_KEY_UILaunchScreen_Generation[sdk=iphonesimulator*]" = YES;
				"INFOPLIST_KEY_UIStatusBarStyle[sdk=iphoneos*]" = UIStatusBarStyleDefault;
				"INFOPLIST_KEY_UIStatusBarStyle[sdk=iphonesimulator*]" = UIStatusBarStyleDefault;
				INFOPLIST_KEY_UISupportedInterfaceOrientations_iPad = "UIInterfaceOrientationPortrait UIInterfaceOrientationPortraitUpsideDown UIInterfaceOrientationLandscapeLeft UIInterfaceOrientationLandscapeRight";
				INFOPLIST_KEY_UISupportedInterfaceOrientations_iPhone = "UIInterfaceOrientationPortrait UIInterfaceOrientationLandscapeLeft UIInterfaceOrientationLandscapeRight";
				IPHONEOS_DEPLOYMENT_TARGET = 16.4;
				LD_RUNPATH_SEARCH_PATHS = "@executable_path/Frameworks";
				"LD_RUNPATH_SEARCH_PATHS[sdk=macosx*]" = "@executable_path/../Frameworks";
				LIBRARY_SEARCH_PATHS = "/Users/rubenticehurst-james/Desktop/HomeApp/ios_rsct_bindings/target/universal/release";
				MACOSX_DEPLOYMENT_TARGET = 13.3;
				MARKETING_VERSION = 1.0;
				PRODUCT_BUNDLE_IDENTIFIER = com.rubensystems.HomeV2;
				PRODUCT_NAME = "$(TARGET_NAME)";
				SDKROOT = auto;
				SUPPORTED_PLATFORMS = "iphoneos iphonesimulator";
				SUPPORTS_MACCATALYST = NO;
				SUPPORTS_MAC_DESIGNED_FOR_IPHONE_IPAD = YES;
				SWIFT_EMIT_LOC_STRINGS = YES;
				SWIFT_OBJC_BRIDGING_HEADER = "HomeV2/HomeV2-Bridging-Header.h";
				SWIFT_OPTIMIZATION_LEVEL = "-Onone";
				SWIFT_VERSION = 5.0;
				TARGETED_DEVICE_FAMILY = "1,2";
			};
			name = Debug;
		};
		5D58375E2AA860F100FCFA0E /* Release */ = {
			isa = XCBuildConfiguration;
			buildSettings = {
				ASSETCATALOG_COMPILER_APPICON_NAME = AppIcon;
				ASSETCATALOG_COMPILER_GLOBAL_ACCENT_COLOR_NAME = AccentColor;
				CLANG_ENABLE_MODULES = YES;
				CODE_SIGN_ENTITLEMENTS = HomeV2/HomeV2.entitlements;
				CODE_SIGN_STYLE = Automatic;
				CURRENT_PROJECT_VERSION = 1;
				DEVELOPMENT_ASSET_PATHS = "\"HomeV2/Preview Content\"";
				DEVELOPMENT_TEAM = MKX6XZT5RF;
				ENABLE_HARDENED_RUNTIME = YES;
				ENABLE_PREVIEWS = YES;
				GENERATE_INFOPLIST_FILE = YES;
				"INFOPLIST_KEY_UIApplicationSceneManifest_Generation[sdk=iphoneos*]" = YES;
				"INFOPLIST_KEY_UIApplicationSceneManifest_Generation[sdk=iphonesimulator*]" = YES;
				"INFOPLIST_KEY_UIApplicationSupportsIndirectInputEvents[sdk=iphoneos*]" = YES;
				"INFOPLIST_KEY_UIApplicationSupportsIndirectInputEvents[sdk=iphonesimulator*]" = YES;
				"INFOPLIST_KEY_UILaunchScreen_Generation[sdk=iphoneos*]" = YES;
				"INFOPLIST_KEY_UILaunchScreen_Generation[sdk=iphonesimulator*]" = YES;
				"INFOPLIST_KEY_UIStatusBarStyle[sdk=iphoneos*]" = UIStatusBarStyleDefault;
				"INFOPLIST_KEY_UIStatusBarStyle[sdk=iphonesimulator*]" = UIStatusBarStyleDefault;
				INFOPLIST_KEY_UISupportedInterfaceOrientations_iPad = "UIInterfaceOrientationPortrait UIInterfaceOrientationPortraitUpsideDown UIInterfaceOrientationLandscapeLeft UIInterfaceOrientationLandscapeRight";
				INFOPLIST_KEY_UISupportedInterfaceOrientations_iPhone = "UIInterfaceOrientationPortrait UIInterfaceOrientationLandscapeLeft UIInterfaceOrientationLandscapeRight";
				IPHONEOS_DEPLOYMENT_TARGET = 16.4;
				LD_RUNPATH_SEARCH_PATHS = "@executable_path/Frameworks";
				"LD_RUNPATH_SEARCH_PATHS[sdk=macosx*]" = "@executable_path/../Frameworks";
				LIBRARY_SEARCH_PATHS = "/Users/rubenticehurst-james/Desktop/HomeApp/ios_rsct_bindings/target/universal/release";
				MACOSX_DEPLOYMENT_TARGET = 13.3;
				MARKETING_VERSION = 1.0;
				PRODUCT_BUNDLE_IDENTIFIER = com.rubensystems.HomeV2;
				PRODUCT_NAME = "$(TARGET_NAME)";
				SDKROOT = auto;
				SUPPORTED_PLATFORMS = "iphoneos iphonesimulator";
				SUPPORTS_MACCATALYST = NO;
				SUPPORTS_MAC_DESIGNED_FOR_IPHONE_IPAD = YES;
				SWIFT_EMIT_LOC_STRINGS = YES;
				SWIFT_OBJC_BRIDGING_HEADER = "HomeV2/HomeV2-Bridging-Header.h";
				SWIFT_VERSION = 5.0;
				TARGETED_DEVICE_FAMILY = "1,2";
			};
			name = Release;
		};
/* End XCBuildConfiguration section */

/* Begin XCConfigurationList section */
		5D5837482AA860F000FCFA0E /* Build configuration list for PBXProject "HomeV2" */ = {
			isa = XCConfigurationList;
			buildConfigurations = (
				5D58375A2AA860F100FCFA0E /* Debug */,
				5D58375B2AA860F100FCFA0E /* Release */,
			);
			defaultConfigurationIsVisible = 0;
			defaultConfigurationName = Release;
		};
		5D58375C2AA860F100FCFA0E /* Build configuration list for PBXNativeTarget "HomeV2" */ = {
			isa = XCConfigurationList;
			buildConfigurations = (
				5D58375D2AA860F100FCFA0E /* Debug */,
				5D58375E2AA860F100FCFA0E /* Release */,
			);
			defaultConfigurationIsVisible = 0;
			defaultConfigurationName = Release;
		};
/* End XCConfigurationList section */
	};
	rootObject = 5D5837452AA860F000FCFA0E /* Project object */;
}
